{
  "nodes": {
    "coq-lsp": {
      "flake": false,
      "locked": {
        "lastModified": 1730137168,
        "narHash": "sha256-eceyZc9nIbpe1G/kzU3Y61ut+RKfYXI78zALxN4Un+4=",
        "owner": "tomtomjhj",
        "repo": "coq-lsp.nvim",
        "rev": "6135ed25fc2a1b4b1b6451ed206dc38b493ff1a2",
        "type": "github"
      },
      "original": {
        "owner": "tomtomjhj",
        "repo": "coq-lsp.nvim",
        "type": "github"
      }
    },
    "coqtail": {
      "flake": false,
      "locked": {
        "lastModified": 1736032964,
        "narHash": "sha256-66oY8uDo9f6oH5Kvtg0oPVrV5lJqJaXkzt6zGW+5G4M=",
        "owner": "whonore",
        "repo": "Coqtail",
        "rev": "9bd2a1818e08fd6e52d72024a60c51a983770c81",
        "type": "github"
      },
      "original": {
        "owner": "whonore",
        "repo": "Coqtail",
        "type": "github"
      }
    },
    "devshell": {
      "inputs": {
        "nixpkgs": [
          "nixvim",
          "nixpkgs"
        ]
      },
      "locked": {
        "lastModified": 1735644329,
        "narHash": "sha256-tO3HrHriyLvipc4xr+Ewtdlo7wM1OjXNjlWRgmM7peY=",
        "owner": "numtide",
        "repo": "devshell",
        "rev": "f7795ede5b02664b57035b3b757876703e2c3eac",
        "type": "github"
      },
      "original": {
        "owner": "numtide",
        "repo": "devshell",
        "type": "github"
      }
    },
    "flake-compat": {
      "locked": {
        "lastModified": 1696426674,
        "narHash": "sha256-kvjfFW7WAETZlt09AgDn1MrtKzP7t90Vf7vypd3OL1U=",
        "rev": "0f9255e01c2351cc7d116c072cb317785dd33b33",
        "revCount": 57,
        "type": "tarball",
        "url": "https://api.flakehub.com/f/pinned/edolstra/flake-compat/1.0.1/018afb31-abd1-7bff-a5e4-cff7e18efb7a/source.tar.gz"
      },
      "original": {
        "type": "tarball",
        "url": "https://flakehub.com/f/edolstra/flake-compat/1.tar.gz"
      }
    },
    "flake-parts": {
      "inputs": {
        "nixpkgs-lib": "nixpkgs-lib"
      },
      "locked": {
        "lastModified": 1736143030,
        "narHash": "sha256-+hu54pAoLDEZT9pjHlqL9DNzWz0NbUn8NEAHP7PQPzU=",
        "owner": "hercules-ci",
        "repo": "flake-parts",
        "rev": "b905f6fc23a9051a6e1b741e1438dbfc0634c6de",
        "type": "github"
      },
      "original": {
        "owner": "hercules-ci",
        "repo": "flake-parts",
        "type": "github"
      }
    },
    "flake-parts_2": {
      "inputs": {
        "nixpkgs-lib": "nixpkgs-lib_2"
      },
      "locked": {
        "lastModified": 1736143030,
        "narHash": "sha256-+hu54pAoLDEZT9pjHlqL9DNzWz0NbUn8NEAHP7PQPzU=",
        "owner": "hercules-ci",
        "repo": "flake-parts",
        "rev": "b905f6fc23a9051a6e1b741e1438dbfc0634c6de",
        "type": "github"
      },
      "original": {
        "owner": "hercules-ci",
        "repo": "flake-parts",
        "type": "github"
      }
    },
    "flake-utils": {
      "inputs": {
        "systems": "systems"
      },
      "locked": {
        "lastModified": 1731533236,
        "narHash": "sha256-l0KFg5HjrsfsO/JpG+r7fRrqm12kzFHyUHqHCVpMMbI=",
        "owner": "numtide",
        "repo": "flake-utils",
        "rev": "11707dc2f618dd54ca8739b309ec4fc024de578b",
        "type": "github"
      },
      "original": {
        "owner": "numtide",
        "repo": "flake-utils",
        "type": "github"
      }
    },
    "git-hooks": {
      "inputs": {
        "flake-compat": [
          "nixvim",
          "flake-compat"
        ],
        "gitignore": "gitignore",
        "nixpkgs": [
          "nixvim",
          "nixpkgs"
        ]
      },
      "locked": {
        "lastModified": 1735882644,
        "narHash": "sha256-3FZAG+pGt3OElQjesCAWeMkQ7C/nB1oTHLRQ8ceP110=",
        "owner": "cachix",
        "repo": "git-hooks.nix",
        "rev": "a5a961387e75ae44cc20f0a57ae463da5e959656",
        "type": "github"
      },
      "original": {
        "owner": "cachix",
        "repo": "git-hooks.nix",
        "type": "github"
      }
    },
    "gitignore": {
      "inputs": {
        "nixpkgs": [
          "nixvim",
          "git-hooks",
          "nixpkgs"
        ]
      },
      "locked": {
        "lastModified": 1709087332,
        "narHash": "sha256-HG2cCnktfHsKV0s4XW83gU3F57gaTljL9KNSuG6bnQs=",
        "owner": "hercules-ci",
        "repo": "gitignore.nix",
        "rev": "637db329424fd7e46cf4185293b9cc8c88c95394",
        "type": "github"
      },
      "original": {
        "owner": "hercules-ci",
        "repo": "gitignore.nix",
        "type": "github"
      }
    },
    "home-manager": {
      "inputs": {
        "nixpkgs": [
          "nixvim",
          "nixpkgs"
        ]
      },
      "locked": {
        "lastModified": 1736508663,
        "narHash": "sha256-ZOaGwa+WnB7Zn3YXimqjmIugAnHePdXCmNu+AHkq808=",
        "owner": "nix-community",
        "repo": "home-manager",
        "rev": "2532b500c3ed2b8940e831039dcec5a5ea093afc",
        "type": "github"
      },
      "original": {
        "owner": "nix-community",
        "repo": "home-manager",
        "type": "github"
      }
    },
    "ixx": {
      "inputs": {
        "flake-utils": [
          "nixvim",
          "nuschtosSearch",
          "flake-utils"
        ],
        "nixpkgs": [
          "nixvim",
          "nuschtosSearch",
          "nixpkgs"
        ]
      },
      "locked": {
        "lastModified": 1729958008,
        "narHash": "sha256-EiOq8jF4Z/zQe0QYVc3+qSKxRK//CFHMB84aYrYGwEs=",
        "owner": "NuschtOS",
        "repo": "ixx",
        "rev": "9fd01aad037f345350eab2cd45e1946cc66da4eb",
        "type": "github"
      },
      "original": {
        "owner": "NuschtOS",
        "ref": "v0.0.6",
        "repo": "ixx",
        "type": "github"
      }
    },
    "minuet-ai-nvim": {
      "flake": false,
      "locked": {
        "lastModified": 1737406238,
        "narHash": "sha256-amgZiaQZlY9E5jxYr+QP8S1kUhc+hgNEnbYDm8yfzsg=",
        "owner": "milanglacier",
        "repo": "minuet-ai.nvim",
        "rev": "72a67c514a66f6b8a692d7f16a64d42c86d8312b",
        "type": "github"
      },
      "original": {
        "owner": "milanglacier",
        "repo": "minuet-ai.nvim",
        "type": "github"
      }
    },
    "nix-darwin": {
      "inputs": {
        "nixpkgs": [
          "nixvim",
          "nixpkgs"
        ]
      },
      "locked": {
        "lastModified": 1736370755,
        "narHash": "sha256-iWcjToBpx4PUd74uqvIGAfqqVfyrvRLRauC/SxEKIF0=",
        "owner": "lnl7",
        "repo": "nix-darwin",
        "rev": "57733bd1dc81900e13438e5b4439239f1b29db0e",
        "type": "github"
      },
      "original": {
        "owner": "lnl7",
        "repo": "nix-darwin",
        "type": "github"
      }
    },
    "nixpkgs": {
      "locked": {
        "lastModified": 1736701207,
        "narHash": "sha256-jG/+MvjVY7SlTakzZ2fJ5dC3V1PrKKrUEOEE30jrOKA=",
        "owner": "nixos",
        "repo": "nixpkgs",
        "rev": "ed4a395ea001367c1f13d34b1e01aa10290f67d6",
        "type": "github"
      },
      "original": {
        "owner": "nixos",
        "ref": "nixos-unstable",
        "repo": "nixpkgs",
        "type": "github"
      }
    },
    "nixpkgs-lib": {
      "locked": {
        "lastModified": 1735774519,
        "narHash": "sha256-CewEm1o2eVAnoqb6Ml+Qi9Gg/EfNAxbRx1lANGVyoLI=",
        "type": "tarball",
        "url": "https://github.com/NixOS/nixpkgs/archive/e9b51731911566bbf7e4895475a87fe06961de0b.tar.gz"
      },
      "original": {
        "type": "tarball",
        "url": "https://github.com/NixOS/nixpkgs/archive/e9b51731911566bbf7e4895475a87fe06961de0b.tar.gz"
      }
    },
    "nixpkgs-lib_2": {
      "locked": {
        "lastModified": 1735774519,
        "narHash": "sha256-CewEm1o2eVAnoqb6Ml+Qi9Gg/EfNAxbRx1lANGVyoLI=",
        "type": "tarball",
        "url": "https://github.com/NixOS/nixpkgs/archive/e9b51731911566bbf7e4895475a87fe06961de0b.tar.gz"
      },
      "original": {
        "type": "tarball",
        "url": "https://github.com/NixOS/nixpkgs/archive/e9b51731911566bbf7e4895475a87fe06961de0b.tar.gz"
      }
    },
    "nixpkgs_2": {
      "locked": {
        "lastModified": 1736701207,
        "narHash": "sha256-jG/+MvjVY7SlTakzZ2fJ5dC3V1PrKKrUEOEE30jrOKA=",
        "owner": "nixos",
        "repo": "nixpkgs",
        "rev": "ed4a395ea001367c1f13d34b1e01aa10290f67d6",
        "type": "github"
      },
      "original": {
        "owner": "nixos",
        "ref": "nixos-unstable",
        "repo": "nixpkgs",
        "type": "github"
      }
    },
    "nixpkgs_3": {
      "locked": {
        "lastModified": 1736701207,
        "narHash": "sha256-jG/+MvjVY7SlTakzZ2fJ5dC3V1PrKKrUEOEE30jrOKA=",
        "owner": "nixos",
        "repo": "nixpkgs",
        "rev": "ed4a395ea001367c1f13d34b1e01aa10290f67d6",
        "type": "github"
      },
      "original": {
        "owner": "nixos",
        "ref": "nixos-unstable",
        "repo": "nixpkgs",
        "type": "github"
      }
    },
    "nixpkgs_4": {
      "locked": {
        "lastModified": 1736701207,
        "narHash": "sha256-jG/+MvjVY7SlTakzZ2fJ5dC3V1PrKKrUEOEE30jrOKA=",
        "owner": "nixos",
        "repo": "nixpkgs",
        "rev": "ed4a395ea001367c1f13d34b1e01aa10290f67d6",
        "type": "github"
      },
      "original": {
        "owner": "nixos",
        "ref": "nixos-unstable",
        "repo": "nixpkgs",
        "type": "github"
      }
    },
    "nixvim": {
      "inputs": {
        "devshell": "devshell",
        "flake-compat": "flake-compat",
        "flake-parts": "flake-parts_2",
        "git-hooks": "git-hooks",
        "home-manager": "home-manager",
        "nix-darwin": "nix-darwin",
        "nixpkgs": "nixpkgs_2",
        "nuschtosSearch": "nuschtosSearch",
        "treefmt-nix": "treefmt-nix"
      },
      "locked": {
        "lastModified": 1736784172,
        "narHash": "sha256-dXvzw4LmupgZb2VfwclzygiIyfqjnmKhTdjHDun2rDg=",
        "owner": "nix-community",
        "repo": "nixvim",
        "rev": "a54b752259ff16d340d270928ee603b4b9599192",
        "type": "github"
      },
      "original": {
        "owner": "nix-community",
        "repo": "nixvim",
        "type": "github"
      }
    },
    "nuschtosSearch": {
      "inputs": {
        "flake-utils": "flake-utils",
        "ixx": "ixx",
        "nixpkgs": [
          "nixvim",
          "nixpkgs"
        ]
      },
      "locked": {
        "lastModified": 1735854821,
        "narHash": "sha256-Iv59gMDZajNfezTO0Fw6LHE7uKAShxbvMidmZREit7c=",
        "owner": "NuschtOS",
        "repo": "search",
        "rev": "836908e3bddd837ae0f13e215dd48767aee355f0",
        "type": "github"
      },
      "original": {
        "owner": "NuschtOS",
        "repo": "search",
        "type": "github"
      }
    },
    "oatmeal": {
      "flake": false,
      "locked": {
        "lastModified": 1711805699,
        "narHash": "sha256-YqGOAZ8+KRYJbOIVHD9yreL7ZvBwbWeKwsM/oV6r3Ic=",
        "owner": "dustinblackman",
        "repo": "oatmeal.nvim",
        "rev": "c8cdd0a182cf77f88ea5fa4703229ddb3f47c1f7",
        "type": "github"
      },
      "original": {
        "owner": "dustinblackman",
        "repo": "oatmeal.nvim",
        "type": "github"
      }
    },
    "octo-nvim": {
      "flake": false,
      "locked": {
        "lastModified": 1736721719,
        "narHash": "sha256-w0ewwoF2n/iw32KWI8Bv33aGRTY3vX2WTCje/JM8S04=",
        "owner": "pwntester",
        "repo": "octo.nvim",
        "rev": "4795b7220c3d4b79acd11bf1c444d16c5667d1bc",
        "type": "github"
      },
      "original": {
        "owner": "pwntester",
        "repo": "octo.nvim",
        "type": "github"
      }
    },
    "oil-git-status": {
      "flake": false,
      "locked": {
        "lastModified": 1736777807,
        "narHash": "sha256-pz/+RF5woO4V5pNEp6gEsTaRNNqCQDrI6jFrNdtDmmY=",
        "owner": "refractalize",
        "repo": "oil-git-status.nvim",
        "rev": "293021c42f9d725981616c26c05964c7e5a88a08",
        "type": "github"
      },
      "original": {
        "owner": "refractalize",
        "repo": "oil-git-status.nvim",
        "type": "github"
      }
    },
    "org-roam-nvim": {
      "flake": false,
      "locked": {
        "lastModified": 1735702828,
        "narHash": "sha256-nqe7YHpaKlZYTfZbdQ09yUwiXtpHD7ofz+cMuDat8hQ=",
        "owner": "chipsenkbeil",
        "repo": "org-roam.nvim",
        "rev": "6458d3cc3389716a9c69a81ab78658454738427a",
        "type": "github"
      },
      "original": {
        "owner": "chipsenkbeil",
        "repo": "org-roam.nvim",
        "type": "github"
      }
    },
    "orgmode": {
      "flake": false,
      "locked": {
        "lastModified": 1736721635,
        "narHash": "sha256-GOYIQyIIjSd9zdl/v+N7OYdJbU45qWeywVw9qdI2i78=",
        "owner": "nvim-orgmode",
        "repo": "orgmode",
        "rev": "fccccd432f8c9b8aadba51eea09a64200d718bc1",
        "type": "github"
      },
      "original": {
        "owner": "nvim-orgmode",
        "repo": "orgmode",
        "type": "github"
      }
    },
    "root": {
      "inputs": {
        "coq-lsp": "coq-lsp",
        "coqtail": "coqtail",
        "flake-parts": "flake-parts",
        "minuet-ai-nvim": "minuet-ai-nvim",
        "nixpkgs": "nixpkgs",
        "nixvim": "nixvim",
        "oatmeal": "oatmeal",
        "octo-nvim": "octo-nvim",
        "oil-git-status": "oil-git-status",
        "org-roam-nvim": "org-roam-nvim",
        "orgmode": "orgmode",
        "schemastore-nvim": "schemastore-nvim",
        "systems": "systems_2",
        "tabscope-nvim": "tabscope-nvim",
        "treefmt-nix": "treefmt-nix_2",
        "vim-guise": "vim-guise",
        "witt-neovim": "witt-neovim"
      }
    },
    "schemastore-nvim": {
      "flake": false,
      "locked": {
        "lastModified": 1736791258,
        "narHash": "sha256-kUxvFfeRW9VO4l44wW8/lz+AqygzXgKXyHpy/1lS4ZU=",
        "owner": "b0o",
        "repo": "SchemaStore.nvim",
        "rev": "feaa60d3451d7f7e52eaf76a07ea52808d68cf6c",
        "type": "github"
      },
      "original": {
        "owner": "b0o",
        "repo": "SchemaStore.nvim",
        "type": "github"
      }
    },
    "systems": {
      "locked": {
        "lastModified": 1681028828,
        "narHash": "sha256-Vy1rq5AaRuLzOxct8nz4T6wlgyUR7zLU309k9mBC768=",
        "owner": "nix-systems",
        "repo": "default",
        "rev": "da67096a3b9bf56a91d16901293e51ba5b49a27e",
        "type": "github"
      },
      "original": {
        "owner": "nix-systems",
        "repo": "default",
        "type": "github"
      }
    },
    "systems_2": {
      "locked": {
        "lastModified": 1681028828,
        "narHash": "sha256-Vy1rq5AaRuLzOxct8nz4T6wlgyUR7zLU309k9mBC768=",
        "owner": "nix-systems",
        "repo": "default",
        "rev": "da67096a3b9bf56a91d16901293e51ba5b49a27e",
        "type": "github"
      },
      "original": {
        "owner": "nix-systems",
        "repo": "default",
        "type": "github"
      }
    },
    "tabscope-nvim": {
      "flake": false,
      "locked": {
        "lastModified": 1696813271,
        "narHash": "sha256-eM0N2fyiX78/MoP8a6T/nsvtkMRprK/lJp9Wfm83yv4=",
        "owner": "backdround",
        "repo": "tabscope.nvim",
        "rev": "cba52d18fbb1171cd92c7baf916e98fb720d6ae0",
        "type": "github"
      },
      "original": {
        "owner": "backdround",
        "repo": "tabscope.nvim",
        "type": "github"
      }
    },
    "treefmt-nix": {
      "inputs": {
        "nixpkgs": "nixpkgs_3"
      },
      "locked": {
        "lastModified": 1736154270,
        "narHash": "sha256-p2r8xhQZ3TYIEKBoiEhllKWQqWNJNoT9v64Vmg4q8Zw=",
        "owner": "numtide",
        "repo": "treefmt-nix",
        "rev": "13c913f5deb3a5c08bb810efd89dc8cb24dd968b",
        "type": "github"
      },
      "original": {
        "owner": "numtide",
        "repo": "treefmt-nix",
        "type": "github"
      }
    },
    "treefmt-nix_2": {
      "inputs": {
        "nixpkgs": "nixpkgs_4"
      },
      "locked": {
        "lastModified": 1736154270,
        "narHash": "sha256-p2r8xhQZ3TYIEKBoiEhllKWQqWNJNoT9v64Vmg4q8Zw=",
        "owner": "numtide",
        "repo": "treefmt-nix",
        "rev": "13c913f5deb3a5c08bb810efd89dc8cb24dd968b",
        "type": "github"
      },
      "original": {
        "owner": "numtide",
        "repo": "treefmt-nix",
        "type": "github"
      }
    },
    "vim-guise": {
      "flake": false,
      "locked": {
        "lastModified": 1647351644,
        "narHash": "sha256-srtcPjG+TPgHvqdIXPg3n99Rwtck/N1a+EzURcXKscw=",
        "owner": "lambdalisue",
        "repo": "vim-guise",
        "rev": "1759cc936583490af76c36e0a25546329b2b9921",
        "type": "github"
      },
      "original": {
        "owner": "lambdalisue",
        "repo": "vim-guise",
        "type": "github"
      }
    },
    "witt-neovim": {
      "flake": false,
      "locked": {
        "lastModified": 1727913229,
        "narHash": "sha256-mpLG/6n42CzU428ali2rQ6rZBf/NvVjFF0r/Skda/2w=",
        "owner": "typed-rocks",
        "repo": "witt-neovim",
        "rev": "4fa39ed4753c8576d6a69bde787d9575ce14daef",
        "type": "github"
      },
      "original": {
        "owner": "typed-rocks",
        "repo": "witt-neovim",
        "type": "github"
      }
    }
  },
  "root": "root",
  "version": 7
}
