{
  "nodes": {
    "coq-lsp": {
      "flake": false,
      "locked": {
        "lastModified": 1730137168,
        "narHash": "sha256-eceyZc9nIbpe1G/kzU3Y61ut+RKfYXI78zALxN4Un+4=",
        "owner": "tomtomjhj",
        "repo": "coq-lsp.nvim",
        "rev": "6135ed25fc2a1b4b1b6451ed206dc38b493ff1a2",
        "type": "github"
      },
      "original": {
        "owner": "tomtomjhj",
        "repo": "coq-lsp.nvim",
        "type": "github"
      }
    },
    "coqtail": {
      "flake": false,
      "locked": {
        "lastModified": 1726593185,
        "narHash": "sha256-uRy+fsiWu0kEz4m4BVTnT1hnivz2mO+6ZjFAEvzl7/w=",
        "owner": "whonore",
        "repo": "Coqtail",
        "rev": "299d0acdb9b697fd951df81a5d67e3f5cb6ed4f9",
        "type": "github"
      },
      "original": {
        "owner": "whonore",
        "repo": "Coqtail",
        "type": "github"
      }
    },
    "devshell": {
      "inputs": {
        "nixpkgs": [
          "nixvim",
          "nixpkgs"
        ]
      },
      "locked": {
        "lastModified": 1728330715,
        "narHash": "sha256-xRJ2nPOXb//u1jaBnDP56M7v5ldavjbtR6lfGqSvcKg=",
        "owner": "numtide",
        "repo": "devshell",
        "rev": "dd6b80932022cea34a019e2bb32f6fa9e494dfef",
        "type": "github"
      },
      "original": {
        "owner": "numtide",
        "repo": "devshell",
        "type": "github"
      }
    },
    "flake-compat": {
      "locked": {
        "lastModified": 1696426674,
        "narHash": "sha256-kvjfFW7WAETZlt09AgDn1MrtKzP7t90Vf7vypd3OL1U=",
        "rev": "0f9255e01c2351cc7d116c072cb317785dd33b33",
        "revCount": 57,
        "type": "tarball",
        "url": "https://api.flakehub.com/f/pinned/edolstra/flake-compat/1.0.1/018afb31-abd1-7bff-a5e4-cff7e18efb7a/source.tar.gz"
      },
      "original": {
        "type": "tarball",
        "url": "https://flakehub.com/f/edolstra/flake-compat/1.tar.gz"
      }
    },
    "flake-parts": {
      "inputs": {
        "nixpkgs-lib": "nixpkgs-lib"
      },
      "locked": {
        "lastModified": 1733312601,
        "narHash": "sha256-4pDvzqnegAfRkPwO3wmwBhVi/Sye1mzps0zHWYnP88c=",
        "owner": "hercules-ci",
        "repo": "flake-parts",
        "rev": "205b12d8b7cd4802fbcb8e8ef6a0f1408781a4f9",
        "type": "github"
      },
      "original": {
        "owner": "hercules-ci",
        "repo": "flake-parts",
        "type": "github"
      }
    },
    "flake-parts_2": {
      "inputs": {
        "nixpkgs-lib": "nixpkgs-lib"
      },
      "locked": {
        "lastModified": 1733312601,
        "narHash": "sha256-4pDvzqnegAfRkPwO3wmwBhVi/Sye1mzps0zHWYnP88c=",
        "owner": "hercules-ci",
        "repo": "flake-parts",
        "rev": "205b12d8b7cd4802fbcb8e8ef6a0f1408781a4f9",
        "type": "github"
      },
      "original": {
        "owner": "hercules-ci",
        "repo": "flake-parts",
        "type": "github"
      }
    },
    "flake-utils": {
      "inputs": {
        "systems": "systems"
      },
      "locked": {
        "lastModified": 1731533236,
        "narHash": "sha256-l0KFg5HjrsfsO/JpG+r7fRrqm12kzFHyUHqHCVpMMbI=",
        "owner": "numtide",
        "repo": "flake-utils",
        "rev": "11707dc2f618dd54ca8739b309ec4fc024de578b",
        "type": "github"
      },
      "original": {
        "owner": "numtide",
        "repo": "flake-utils",
        "type": "github"
      }
    },
    "git-hooks": {
      "inputs": {
        "flake-compat": [
          "nixvim",
          "flake-compat"
        ],
        "gitignore": "gitignore",
        "nixpkgs": [
          "nixvim",
          "nixpkgs"
        ],
        "nixpkgs-stable": [
          "nixvim",
          "nixpkgs"
        ]
      },
      "locked": {
        "lastModified": 1734797603,
        "narHash": "sha256-ulZN7ps8nBV31SE+dwkDvKIzvN6hroRY8sYOT0w+E28=",
        "owner": "cachix",
        "repo": "git-hooks.nix",
        "rev": "f0f0dc4920a903c3e08f5bdb9246bb572fcae498",
        "type": "github"
      },
      "original": {
        "owner": "cachix",
        "repo": "git-hooks.nix",
        "type": "github"
      }
    },
    "gitignore": {
      "inputs": {
        "nixpkgs": [
          "nixvim",
          "git-hooks",
          "nixpkgs"
        ]
      },
      "locked": {
        "lastModified": 1709087332,
        "narHash": "sha256-HG2cCnktfHsKV0s4XW83gU3F57gaTljL9KNSuG6bnQs=",
        "owner": "hercules-ci",
        "repo": "gitignore.nix",
        "rev": "637db329424fd7e46cf4185293b9cc8c88c95394",
        "type": "github"
      },
      "original": {
        "owner": "hercules-ci",
        "repo": "gitignore.nix",
        "type": "github"
      }
    },
    "home-manager": {
      "inputs": {
        "nixpkgs": [
          "nixvim",
          "nixpkgs"
        ]
      },
      "locked": {
        "lastModified": 1734862405,
        "narHash": "sha256-bXZJvUMJ2A6sIpYcCUAGjYCD5UDzmpmQCdmJSkPhleU=",
        "owner": "nix-community",
        "repo": "home-manager",
        "rev": "cb27edb5221d2f2920a03155f8becc502cf60e35",
        "type": "github"
      },
      "original": {
        "owner": "nix-community",
        "repo": "home-manager",
        "type": "github"
      }
    },
    "ixx": {
      "inputs": {
        "flake-utils": [
          "nixvim",
          "nuschtosSearch",
          "flake-utils"
        ],
        "nixpkgs": [
          "nixvim",
          "nuschtosSearch",
          "nixpkgs"
        ]
      },
      "locked": {
        "lastModified": 1729958008,
        "narHash": "sha256-EiOq8jF4Z/zQe0QYVc3+qSKxRK//CFHMB84aYrYGwEs=",
        "owner": "NuschtOS",
        "repo": "ixx",
        "rev": "9fd01aad037f345350eab2cd45e1946cc66da4eb",
        "type": "github"
      },
      "original": {
        "owner": "NuschtOS",
        "ref": "v0.0.6",
        "repo": "ixx",
        "type": "github"
      }
    },
    "nix-darwin": {
      "inputs": {
        "nixpkgs": [
          "nixvim",
          "nixpkgs"
        ]
      },
      "locked": {
        "lastModified": 1733570843,
        "narHash": "sha256-sQJAxY1TYWD1UyibN/FnN97paTFuwBw3Vp3DNCyKsMk=",
        "owner": "lnl7",
        "repo": "nix-darwin",
        "rev": "a35b08d09efda83625bef267eb24347b446c80b8",
        "type": "github"
      },
      "original": {
        "owner": "lnl7",
        "repo": "nix-darwin",
        "type": "github"
      }
    },
    "nixpkgs": {
      "locked": {
        "lastModified": 1735291276,
        "narHash": "sha256-NYVcA06+blsLG6wpAbSPTCyLvxD/92Hy4vlY9WxFI1M=",
        "owner": "nixos",
        "repo": "nixpkgs",
        "rev": "634fd46801442d760e09493a794c4f15db2d0cbb",
        "type": "github"
      },
      "original": {
        "owner": "nixos",
        "ref": "nixos-unstable",
        "repo": "nixpkgs",
        "type": "github"
      }
    },
    "nixpkgs-lib": {
      "locked": {
        "lastModified": 1733096140,
        "narHash": "sha256-1qRH7uAUsyQI7R1Uwl4T+XvdNv778H0Nb5njNrqvylY=",
        "type": "tarball",
        "url": "https://github.com/NixOS/nixpkgs/archive/5487e69da40cbd611ab2cadee0b4637225f7cfae.tar.gz"
      },
      "original": {
        "type": "tarball",
        "url": "https://github.com/NixOS/nixpkgs/archive/5487e69da40cbd611ab2cadee0b4637225f7cfae.tar.gz"
      }
    },
    "nixpkgs_2": {
      "locked": {
        "lastModified": 1735291276,
        "narHash": "sha256-NYVcA06+blsLG6wpAbSPTCyLvxD/92Hy4vlY9WxFI1M=",
        "owner": "nixos",
        "repo": "nixpkgs",
        "rev": "634fd46801442d760e09493a794c4f15db2d0cbb",
        "type": "github"
      },
      "original": {
        "owner": "nixos",
        "ref": "nixos-unstable",
        "repo": "nixpkgs",
        "type": "github"
      }
    },
    "nixvim": {
      "inputs": {
        "devshell": "devshell",
        "flake-compat": "flake-compat",
        "flake-parts": "flake-parts_2",
        "git-hooks": "git-hooks",
        "home-manager": "home-manager",
        "nix-darwin": "nix-darwin",
        "nixpkgs": "nixpkgs_2",
        "nuschtosSearch": "nuschtosSearch",
        "treefmt-nix": "treefmt-nix"
      },
      "locked": {
        "lastModified": 1735378670,
        "narHash": "sha256-A8aQA+YhJfA8mUpzXOZdlXNnKiZg2EcpCn1srgtBjTs=",
        "owner": "nix-community",
        "repo": "nixvim",
        "rev": "f4b0b81ef9eb4e37e75f32caf1f02d5501594811",
        "type": "github"
      },
      "original": {
        "owner": "nix-community",
        "repo": "nixvim",
        "type": "github"
      }
    },
    "nuschtosSearch": {
      "inputs": {
        "flake-utils": "flake-utils",
        "ixx": "ixx",
        "nixpkgs": [
          "nixvim",
          "nixpkgs"
        ]
      },
      "locked": {
        "lastModified": 1733773348,
        "narHash": "sha256-Y47y+LesOCkJaLvj+dI/Oa6FAKj/T9sKVKDXLNsViPw=",
        "owner": "NuschtOS",
        "repo": "search",
        "rev": "3051be7f403bff1d1d380e4612f0c70675b44fc9",
        "type": "github"
      },
      "original": {
        "owner": "NuschtOS",
        "repo": "search",
        "type": "github"
      }
    },
    "oatmeal": {
      "flake": false,
      "locked": {
        "lastModified": 1711805699,
        "narHash": "sha256-YqGOAZ8+KRYJbOIVHD9yreL7ZvBwbWeKwsM/oV6r3Ic=",
        "owner": "dustinblackman",
        "repo": "oatmeal.nvim",
        "rev": "c8cdd0a182cf77f88ea5fa4703229ddb3f47c1f7",
        "type": "github"
      },
      "original": {
        "owner": "dustinblackman",
        "repo": "oatmeal.nvim",
        "type": "github"
      }
    },
    "octo-nvim": {
      "flake": false,
      "locked": {
        "lastModified": 1735390506,
        "narHash": "sha256-bbFb3F24ibAoHWbgIKNyF8p25XoDLvoJThsg1eaA5+Q=",
        "owner": "pwntester",
        "repo": "octo.nvim",
        "rev": "b099b0ade680d6bba14828319627276a8334d8de",
        "type": "github"
      },
      "original": {
        "owner": "pwntester",
        "repo": "octo.nvim",
        "type": "github"
      }
    },
    "oil-git-status": {
      "flake": false,
      "locked": {
        "lastModified": 1712149148,
        "narHash": "sha256-IXjpuzWipF7Pjp4N92ZuNKktYNe5oTYzyCykqkmNRkg=",
        "owner": "refractalize",
        "repo": "oil-git-status.nvim",
        "rev": "a7ea816bac0cc3b8b4c3605e2f2b87960be60a05",
        "type": "github"
      },
      "original": {
        "owner": "refractalize",
        "repo": "oil-git-status.nvim",
        "type": "github"
      }
    },
    "org-roam-nvim": {
      "flake": false,
      "locked": {
        "lastModified": 1731867362,
        "narHash": "sha256-R+5vbvOMVlLfPx5xmmx2cG0p+FhO3gFBpVZFvVwJDfM=",
        "owner": "chipsenkbeil",
        "repo": "org-roam.nvim",
        "rev": "59da7daa2b218063936d2fc6363c1eb0667e64f2",
        "type": "github"
      },
      "original": {
        "owner": "chipsenkbeil",
        "repo": "org-roam.nvim",
        "type": "github"
      }
    },
    "orgmode": {
      "flake": false,
      "locked": {
        "lastModified": 1734770880,
        "narHash": "sha256-E1YJeTay1tX2PgiXwV/DRgrlYHIGUe9/uTA+6ORIhBw=",
        "owner": "nvim-orgmode",
        "repo": "orgmode",
        "rev": "bf657742f7cb56211f99946ff64f5f87d7d7f0d0",
        "type": "github"
      },
      "original": {
        "owner": "nvim-orgmode",
        "repo": "orgmode",
        "type": "github"
      }
    },
    "root": {
      "inputs": {
        "coq-lsp": "coq-lsp",
        "coqtail": "coqtail",
        "flake-parts": "flake-parts",
        "nixpkgs": "nixpkgs",
        "nixvim": "nixvim",
        "oatmeal": "oatmeal",
        "octo-nvim": "octo-nvim",
        "oil-git-status": "oil-git-status",
        "org-roam-nvim": "org-roam-nvim",
        "orgmode": "orgmode",
        "schemastore-nvim": "schemastore-nvim",
        "tabscope-nvim": "tabscope-nvim",
        "vim-guise": "vim-guise",
        "witt-neovim": "witt-neovim"
      }
    },
    "schemastore-nvim": {
      "flake": false,
      "locked": {
        "lastModified": 1735452041,
        "narHash": "sha256-C0wqql9KmrhyzmOY55WBxkEmeIqo1uZRuLl/WFDgsSk=",
        "owner": "b0o",
        "repo": "SchemaStore.nvim",
        "rev": "e43f3e47991bc9f6cbc1d8b4d0f6a0d8d6c29284",
        "type": "github"
      },
      "original": {
        "owner": "b0o",
        "repo": "SchemaStore.nvim",
        "type": "github"
      }
    },
    "systems": {
      "locked": {
        "lastModified": 1681028828,
        "narHash": "sha256-Vy1rq5AaRuLzOxct8nz4T6wlgyUR7zLU309k9mBC768=",
        "owner": "nix-systems",
        "repo": "default",
        "rev": "da67096a3b9bf56a91d16901293e51ba5b49a27e",
        "type": "github"
      },
      "original": {
        "owner": "nix-systems",
        "repo": "default",
        "type": "github"
      }
    },
    "tabscope-nvim": {
      "flake": false,
      "locked": {
        "lastModified": 1696813271,
        "narHash": "sha256-eM0N2fyiX78/MoP8a6T/nsvtkMRprK/lJp9Wfm83yv4=",
        "owner": "backdround",
        "repo": "tabscope.nvim",
        "rev": "cba52d18fbb1171cd92c7baf916e98fb720d6ae0",
        "type": "github"
      },
      "original": {
        "owner": "backdround",
        "repo": "tabscope.nvim",
        "type": "github"
      }
    },
    "treefmt-nix": {
      "inputs": {
        "nixpkgs": [
          "nixvim",
          "nixpkgs"
        ]
      },
      "locked": {
        "lastModified": 1734704479,
        "narHash": "sha256-MMi74+WckoyEWBRcg/oaGRvXC9BVVxDZNRMpL+72wBI=",
        "owner": "numtide",
        "repo": "treefmt-nix",
        "rev": "65712f5af67234dad91a5a4baee986a8b62dbf8f",
        "type": "github"
      },
      "original": {
        "owner": "numtide",
        "repo": "treefmt-nix",
        "type": "github"
      }
    },
    "vim-guise": {
      "flake": false,
      "locked": {
        "lastModified": 1647351644,
        "narHash": "sha256-srtcPjG+TPgHvqdIXPg3n99Rwtck/N1a+EzURcXKscw=",
        "owner": "lambdalisue",
        "repo": "vim-guise",
        "rev": "1759cc936583490af76c36e0a25546329b2b9921",
        "type": "github"
      },
      "original": {
        "owner": "lambdalisue",
        "repo": "vim-guise",
        "type": "github"
      }
    },
    "witt-neovim": {
      "flake": false,
      "locked": {
        "lastModified": 1727913229,
        "narHash": "sha256-mpLG/6n42CzU428ali2rQ6rZBf/NvVjFF0r/Skda/2w=",
        "owner": "typed-rocks",
        "repo": "witt-neovim",
        "rev": "4fa39ed4753c8576d6a69bde787d9575ce14daef",
        "type": "github"
      },
      "original": {
        "owner": "typed-rocks",
        "repo": "witt-neovim",
        "type": "github"
      }
    }
  },
  "root": "root",
  "version": 7
}
