{
  "nodes": {
    "cmp-luasnip-choice": {
      "flake": false,
      "locked": {
        "lastModified": 1678136664,
        "narHash": "sha256-/s1p/WLfrHZHX6fU1p2PUQ0GIocAB4mvhjZ0XUMzkaw=",
        "owner": "L3MON4D3",
        "repo": "cmp-luasnip-choice",
        "rev": "4f49232e51c9df379b9daf43f25f7ee6320450f0",
        "type": "github"
      },
      "original": {
        "owner": "L3MON4D3",
        "repo": "cmp-luasnip-choice",
        "type": "github"
      }
    },
    "coq-lsp": {
      "flake": false,
      "locked": {
        "lastModified": 1730137168,
        "narHash": "sha256-eceyZc9nIbpe1G/kzU3Y61ut+RKfYXI78zALxN4Un+4=",
        "owner": "tomtomjhj",
        "repo": "coq-lsp.nvim",
        "rev": "6135ed25fc2a1b4b1b6451ed206dc38b493ff1a2",
        "type": "github"
      },
      "original": {
        "owner": "tomtomjhj",
        "repo": "coq-lsp.nvim",
        "type": "github"
      }
    },
    "coqtail": {
      "flake": false,
      "locked": {
        "lastModified": 1736032964,
        "narHash": "sha256-66oY8uDo9f6oH5Kvtg0oPVrV5lJqJaXkzt6zGW+5G4M=",
        "owner": "whonore",
        "repo": "Coqtail",
        "rev": "9bd2a1818e08fd6e52d72024a60c51a983770c81",
        "type": "github"
      },
      "original": {
        "owner": "whonore",
        "repo": "Coqtail",
        "type": "github"
      }
    },
    "devshell": {
      "inputs": {
        "nixpkgs": [
          "nixvim",
          "nixpkgs"
        ]
      },
      "locked": {
        "lastModified": 1735644329,
        "narHash": "sha256-tO3HrHriyLvipc4xr+Ewtdlo7wM1OjXNjlWRgmM7peY=",
        "owner": "numtide",
        "repo": "devshell",
        "rev": "f7795ede5b02664b57035b3b757876703e2c3eac",
        "type": "github"
      },
      "original": {
        "owner": "numtide",
        "repo": "devshell",
        "type": "github"
      }
    },
    "flake-compat": {
      "locked": {
        "lastModified": 1733328505,
        "narHash": "sha256-NeCCThCEP3eCl2l/+27kNNK7QrwZB1IJCrXfrbv5oqU=",
        "rev": "ff81ac966bb2cae68946d5ed5fc4994f96d0ffec",
        "revCount": 69,
        "type": "tarball",
        "url": "https://api.flakehub.com/f/pinned/edolstra/flake-compat/1.1.0/01948eb7-9cba-704f-bbf3-3fa956735b52/source.tar.gz"
      },
      "original": {
        "type": "tarball",
        "url": "https://flakehub.com/f/edolstra/flake-compat/1.tar.gz"
      }
    },
    "flake-parts": {
      "inputs": {
        "nixpkgs-lib": "nixpkgs-lib"
      },
      "locked": {
        "lastModified": 1738453229,
        "narHash": "sha256-7H9XgNiGLKN1G1CgRh0vUL4AheZSYzPm+zmZ7vxbJdo=",
        "owner": "hercules-ci",
        "repo": "flake-parts",
        "rev": "32ea77a06711b758da0ad9bd6a844c5740a87abd",
        "type": "github"
      },
      "original": {
        "owner": "hercules-ci",
        "repo": "flake-parts",
        "type": "github"
      }
    },
    "flake-parts_2": {
      "inputs": {
        "nixpkgs-lib": "nixpkgs-lib"
      },
      "locked": {
        "lastModified": 1738453229,
        "narHash": "sha256-7H9XgNiGLKN1G1CgRh0vUL4AheZSYzPm+zmZ7vxbJdo=",
        "owner": "hercules-ci",
        "repo": "flake-parts",
        "rev": "32ea77a06711b758da0ad9bd6a844c5740a87abd",
        "type": "github"
      },
      "original": {
        "owner": "hercules-ci",
        "repo": "flake-parts",
        "type": "github"
      }
    },
    "flake-utils": {
      "inputs": {
        "systems": "systems"
      },
      "locked": {
        "lastModified": 1731533236,
        "narHash": "sha256-l0KFg5HjrsfsO/JpG+r7fRrqm12kzFHyUHqHCVpMMbI=",
        "owner": "numtide",
        "repo": "flake-utils",
        "rev": "11707dc2f618dd54ca8739b309ec4fc024de578b",
        "type": "github"
      },
      "original": {
        "owner": "numtide",
        "repo": "flake-utils",
        "type": "github"
      }
    },
    "git-hooks": {
      "inputs": {
        "flake-compat": [
          "nixvim",
          "flake-compat"
        ],
        "gitignore": "gitignore",
        "nixpkgs": [
          "nixvim",
          "nixpkgs"
        ]
      },
      "locked": {
        "lastModified": 1737465171,
        "narHash": "sha256-R10v2hoJRLq8jcL4syVFag7nIGE7m13qO48wRIukWNg=",
        "owner": "cachix",
        "repo": "git-hooks.nix",
        "rev": "9364dc02281ce2d37a1f55b6e51f7c0f65a75f17",
        "type": "github"
      },
      "original": {
        "owner": "cachix",
        "repo": "git-hooks.nix",
        "type": "github"
      }
    },
    "gitignore": {
      "inputs": {
        "nixpkgs": [
          "nixvim",
          "git-hooks",
          "nixpkgs"
        ]
      },
      "locked": {
        "lastModified": 1709087332,
        "narHash": "sha256-HG2cCnktfHsKV0s4XW83gU3F57gaTljL9KNSuG6bnQs=",
        "owner": "hercules-ci",
        "repo": "gitignore.nix",
        "rev": "637db329424fd7e46cf4185293b9cc8c88c95394",
        "type": "github"
      },
      "original": {
        "owner": "hercules-ci",
        "repo": "gitignore.nix",
        "type": "github"
      }
    },
    "home-manager": {
      "inputs": {
        "nixpkgs": [
          "nixvim",
          "nixpkgs"
        ]
      },
      "locked": {
        "lastModified": 1738878603,
        "narHash": "sha256-fmhq8B3MvQLawLbMO+LWLcdC2ftLMmwSk+P29icJ3tE=",
        "owner": "nix-community",
        "repo": "home-manager",
        "rev": "433799271274c9f2ab520a49527ebfe2992dcfbd",
        "type": "github"
      },
      "original": {
        "owner": "nix-community",
        "repo": "home-manager",
        "type": "github"
      }
    },
    "ixx": {
      "inputs": {
        "flake-utils": [
          "nixvim",
          "nuschtosSearch",
          "flake-utils"
        ],
        "nixpkgs": [
          "nixvim",
          "nuschtosSearch",
          "nixpkgs"
        ]
      },
      "locked": {
        "lastModified": 1729958008,
        "narHash": "sha256-EiOq8jF4Z/zQe0QYVc3+qSKxRK//CFHMB84aYrYGwEs=",
        "owner": "NuschtOS",
        "repo": "ixx",
        "rev": "9fd01aad037f345350eab2cd45e1946cc66da4eb",
        "type": "github"
      },
      "original": {
        "owner": "NuschtOS",
        "ref": "v0.0.6",
        "repo": "ixx",
        "type": "github"
      }
    },
    "minuet-ai-nvim": {
      "flake": false,
      "locked": {
        "lastModified": 1739217360,
        "narHash": "sha256-XXhNFrTofD8rt7pka7uaxIA8cgJROtpFM4Pq7Uvs918=",
        "owner": "milanglacier",
        "repo": "minuet-ai.nvim",
        "rev": "352c1c0df452399d05809cfbd1f9eef81a480020",
        "type": "github"
      },
      "original": {
        "owner": "milanglacier",
        "repo": "minuet-ai.nvim",
        "type": "github"
      }
    },
    "nix-darwin": {
      "inputs": {
        "nixpkgs": [
          "nixvim",
          "nixpkgs"
        ]
      },
      "locked": {
        "lastModified": 1738743987,
        "narHash": "sha256-O3bnAfsObto6l2tQOmQlrO6Z2kD6yKwOWfs7pA0CpOc=",
        "owner": "lnl7",
        "repo": "nix-darwin",
        "rev": "ae406c04577ff9a64087018c79b4fdc02468c87c",
        "type": "github"
      },
      "original": {
        "owner": "lnl7",
        "repo": "nix-darwin",
        "type": "github"
      }
    },
    "nixpkgs": {
      "locked": {
        "lastModified": 1739214665,
        "narHash": "sha256-26L8VAu3/1YRxS8MHgBOyOM8xALdo6N0I04PgorE7UM=",
        "owner": "nixos",
        "repo": "nixpkgs",
        "rev": "64e75cd44acf21c7933d61d7721e812eac1b5a0a",
        "type": "github"
      },
      "original": {
        "owner": "nixos",
        "ref": "nixos-unstable",
        "repo": "nixpkgs",
        "type": "github"
      }
    },
    "nixpkgs-lib": {
      "locked": {
        "lastModified": 1738452942,
        "narHash": "sha256-vJzFZGaCpnmo7I6i416HaBLpC+hvcURh/BQwROcGIp8=",
        "type": "tarball",
        "url": "https://github.com/NixOS/nixpkgs/archive/072a6db25e947df2f31aab9eccd0ab75d5b2da11.tar.gz"
      },
      "original": {
        "type": "tarball",
        "url": "https://github.com/NixOS/nixpkgs/archive/072a6db25e947df2f31aab9eccd0ab75d5b2da11.tar.gz"
      }
    },
    "nixpkgs_2": {
      "locked": {
        "lastModified": 1739214665,
        "narHash": "sha256-26L8VAu3/1YRxS8MHgBOyOM8xALdo6N0I04PgorE7UM=",
        "owner": "nixos",
        "repo": "nixpkgs",
        "rev": "64e75cd44acf21c7933d61d7721e812eac1b5a0a",
        "type": "github"
      },
      "original": {
        "owner": "nixos",
        "ref": "nixos-unstable",
        "repo": "nixpkgs",
        "type": "github"
      }
    },
    "nixpkgs_3": {
      "locked": {
        "lastModified": 1739214665,
        "narHash": "sha256-26L8VAu3/1YRxS8MHgBOyOM8xALdo6N0I04PgorE7UM=",
        "owner": "nixos",
        "repo": "nixpkgs",
        "rev": "64e75cd44acf21c7933d61d7721e812eac1b5a0a",
        "type": "github"
      },
      "original": {
        "owner": "nixos",
        "ref": "nixos-unstable",
        "repo": "nixpkgs",
        "type": "github"
      }
    },
    "nixvim": {
      "inputs": {
        "devshell": "devshell",
        "flake-compat": "flake-compat",
        "flake-parts": "flake-parts_2",
        "git-hooks": "git-hooks",
        "home-manager": "home-manager",
        "nix-darwin": "nix-darwin",
        "nixpkgs": "nixpkgs_2",
        "nuschtosSearch": "nuschtosSearch",
        "treefmt-nix": "treefmt-nix"
      },
      "locked": {
        "lastModified": 1739353096,
        "narHash": "sha256-w/T2uYCoq4k6K46GX2CMGWsKfMvcqnxC41LIgnvGifE=",
        "owner": "nix-community",
        "repo": "nixvim",
        "rev": "78b6f8e1e5b37a7789216e17a96ebc117660f0e7",
        "type": "github"
      },
      "original": {
        "owner": "nix-community",
        "repo": "nixvim",
        "type": "github"
      }
    },
    "nuschtosSearch": {
      "inputs": {
        "flake-utils": "flake-utils",
        "ixx": "ixx",
        "nixpkgs": [
          "nixvim",
          "nixpkgs"
        ]
      },
      "locked": {
        "lastModified": 1738508923,
        "narHash": "sha256-4DaDrQDAIxlWhTjH6h/+xfG05jt3qDZrZE/7zDLQaS4=",
        "owner": "NuschtOS",
        "repo": "search",
        "rev": "86e2038290859006e05ca7201425ea5b5de4aecb",
        "type": "github"
      },
      "original": {
        "owner": "NuschtOS",
        "repo": "search",
        "type": "github"
      }
    },
    "oatmeal": {
      "flake": false,
      "locked": {
        "lastModified": 1711805699,
        "narHash": "sha256-YqGOAZ8+KRYJbOIVHD9yreL7ZvBwbWeKwsM/oV6r3Ic=",
        "owner": "dustinblackman",
        "repo": "oatmeal.nvim",
        "rev": "c8cdd0a182cf77f88ea5fa4703229ddb3f47c1f7",
        "type": "github"
      },
      "original": {
        "owner": "dustinblackman",
        "repo": "oatmeal.nvim",
        "type": "github"
      }
    },
    "octo-nvim": {
      "flake": false,
      "locked": {
        "lastModified": 1738911219,
        "narHash": "sha256-rTAxN4DoESb5E+/XGLcF3Y1i8vfVqeAqrn5A5inc1Qc=",
        "owner": "pwntester",
        "repo": "octo.nvim",
        "rev": "940d7af617015fd5c65f707a267d3daa29be480e",
        "type": "github"
      },
      "original": {
        "owner": "pwntester",
        "repo": "octo.nvim",
        "type": "github"
      }
    },
    "oil-git-status": {
      "flake": false,
      "locked": {
        "lastModified": 1736777807,
        "narHash": "sha256-pz/+RF5woO4V5pNEp6gEsTaRNNqCQDrI6jFrNdtDmmY=",
        "owner": "refractalize",
        "repo": "oil-git-status.nvim",
        "rev": "293021c42f9d725981616c26c05964c7e5a88a08",
        "type": "github"
      },
      "original": {
        "owner": "refractalize",
        "repo": "oil-git-status.nvim",
        "type": "github"
      }
    },
    "org-roam-nvim": {
      "flake": false,
      "locked": {
        "lastModified": 1738257172,
        "narHash": "sha256-I6Cz1d+7RJ5BJS5DhCqpUpKJIGI9B5McTWxcu06R7ag=",
        "owner": "chipsenkbeil",
        "repo": "org-roam.nvim",
        "rev": "c32aa470a9f9c2aa9e63c91859b0425e45cb3d1d",
        "type": "github"
      },
      "original": {
        "owner": "chipsenkbeil",
        "repo": "org-roam.nvim",
        "type": "github"
      }
    },
    "orgmode": {
      "flake": false,
      "locked": {
        "lastModified": 1739113498,
        "narHash": "sha256-aob892QYPC45BilrDsabkfhp3xt+VXHpmTHSWp2tNuY=",
        "owner": "nvim-orgmode",
        "repo": "orgmode",
        "rev": "af90f8f8146fd56d9f7d0f0862b07a1c5c01cd6c",
        "type": "github"
      },
      "original": {
        "owner": "nvim-orgmode",
        "repo": "orgmode",
        "type": "github"
      }
    },
    "root": {
      "inputs": {
        "cmp-luasnip-choice": "cmp-luasnip-choice",
        "coq-lsp": "coq-lsp",
        "coqtail": "coqtail",
        "flake-parts": "flake-parts",
        "minuet-ai-nvim": "minuet-ai-nvim",
        "nixpkgs": "nixpkgs",
        "nixvim": "nixvim",
        "oatmeal": "oatmeal",
        "octo-nvim": "octo-nvim",
        "oil-git-status": "oil-git-status",
        "org-roam-nvim": "org-roam-nvim",
        "orgmode": "orgmode",
        "schemastore-nvim": "schemastore-nvim",
        "systems": "systems_2",
        "tabscope-nvim": "tabscope-nvim",
        "treefmt-nix": "treefmt-nix_2",
        "vim-guise": "vim-guise",
        "witt-neovim": "witt-neovim"
      }
    },
    "schemastore-nvim": {
      "flake": false,
      "locked": {
        "lastModified": 1739329388,
        "narHash": "sha256-DapFNX9JgWas3ofMM/BCXewv+SWv0v9d8TpiwCRd0BU=",
        "owner": "b0o",
        "repo": "SchemaStore.nvim",
        "rev": "97b08f928d355bd6d5dee595fdf667b5bfb6329f",
        "type": "github"
      },
      "original": {
        "owner": "b0o",
        "repo": "SchemaStore.nvim",
        "type": "github"
      }
    },
    "systems": {
      "locked": {
        "lastModified": 1681028828,
        "narHash": "sha256-Vy1rq5AaRuLzOxct8nz4T6wlgyUR7zLU309k9mBC768=",
        "owner": "nix-systems",
        "repo": "default",
        "rev": "da67096a3b9bf56a91d16901293e51ba5b49a27e",
        "type": "github"
      },
      "original": {
        "owner": "nix-systems",
        "repo": "default",
        "type": "github"
      }
    },
    "systems_2": {
      "locked": {
        "lastModified": 1681028828,
        "narHash": "sha256-Vy1rq5AaRuLzOxct8nz4T6wlgyUR7zLU309k9mBC768=",
        "owner": "nix-systems",
        "repo": "default",
        "rev": "da67096a3b9bf56a91d16901293e51ba5b49a27e",
        "type": "github"
      },
      "original": {
        "owner": "nix-systems",
        "repo": "default",
        "type": "github"
      }
    },
    "tabscope-nvim": {
      "flake": false,
      "locked": {
        "lastModified": 1696813271,
        "narHash": "sha256-eM0N2fyiX78/MoP8a6T/nsvtkMRprK/lJp9Wfm83yv4=",
        "owner": "backdround",
        "repo": "tabscope.nvim",
        "rev": "cba52d18fbb1171cd92c7baf916e98fb720d6ae0",
        "type": "github"
      },
      "original": {
        "owner": "backdround",
        "repo": "tabscope.nvim",
        "type": "github"
      }
    },
    "treefmt-nix": {
      "inputs": {
        "nixpkgs": "nixpkgs_3"
      },
      "locked": {
        "lastModified": 1738953846,
        "narHash": "sha256-yrK3Hjcr8F7qS/j2F+r7C7o010eVWWlm4T1PrbKBOxQ=",
        "owner": "numtide",
        "repo": "treefmt-nix",
        "rev": "4f09b473c936d41582dd744e19f34ec27592c5fd",
        "type": "github"
      },
      "original": {
        "owner": "numtide",
        "repo": "treefmt-nix",
        "type": "github"
      }
    },
    "treefmt-nix_2": {
      "inputs": {
        "nixpkgs": "nixpkgs_3"
      },
      "locked": {
        "lastModified": 1738953846,
        "narHash": "sha256-yrK3Hjcr8F7qS/j2F+r7C7o010eVWWlm4T1PrbKBOxQ=",
        "owner": "numtide",
        "repo": "treefmt-nix",
        "rev": "4f09b473c936d41582dd744e19f34ec27592c5fd",
        "type": "github"
      },
      "original": {
        "owner": "numtide",
        "repo": "treefmt-nix",
        "type": "github"
      }
    },
    "vim-guise": {
      "flake": false,
      "locked": {
        "lastModified": 1647351644,
        "narHash": "sha256-srtcPjG+TPgHvqdIXPg3n99Rwtck/N1a+EzURcXKscw=",
        "owner": "lambdalisue",
        "repo": "vim-guise",
        "rev": "1759cc936583490af76c36e0a25546329b2b9921",
        "type": "github"
      },
      "original": {
        "owner": "lambdalisue",
        "repo": "vim-guise",
        "type": "github"
      }
    },
    "witt-neovim": {
      "flake": false,
      "locked": {
        "lastModified": 1727913229,
        "narHash": "sha256-mpLG/6n42CzU428ali2rQ6rZBf/NvVjFF0r/Skda/2w=",
        "owner": "typed-rocks",
        "repo": "witt-neovim",
        "rev": "4fa39ed4753c8576d6a69bde787d9575ce14daef",
        "type": "github"
      },
      "original": {
        "owner": "typed-rocks",
        "repo": "witt-neovim",
        "type": "github"
      }
    }
  },
  "root": "root",
  "version": 7
}
